
Microsoft Visual Studio Solution File, Format Version 12.00
# Visual Studio Version 16
VisualStudioVersion = 16.0.31112.23
MinimumVisualStudioVersion = 10.0.40219.1
Project("{8BC9CEB8-8B4A-11D0-8D11-00A0C91BC942}") = "DataStructureAndAlgorithm", "DataStructureAndAlgorithm\DataStructureAndAlgorithm.vcxproj", "{7836D49F-1E88-44CC-9565-A92A41C69511}"
EndProject
Project("{8BC9CEB8-8B4A-11D0-8D11-00A0C91BC942}") = "PascalTriangle", "PascalTriangle\PascalTriangle.vcxproj", "{C956096E-78A1-4E37-B867-5076ACB8E6EC}"
EndProject
Project("{8BC9CEB8-8B4A-11D0-8D11-00A0C91BC942}") = "FibonacciNumber", "FibonacciNumber\FibonacciNumber.vcxproj", "{14D5A1F3-844E-4676-8E10-E4E64C7510EE}"
EndProject
Project("{8BC9CEB8-8B4A-11D0-8D11-00A0C91BC942}") = "FunctionFCalledFCalledFCalledF", "FunctionFCalledFCalledFCalledF\FunctionFCalledFCalledFCalledF.vcxproj", "{75CA765B-D551-49AC-B62C-6678FDB88B3B}"
EndProject
Project("{8BC9CEB8-8B4A-11D0-8D11-00A0C91BC942}") = "Maximum", "Maximum\Maximum.vcxproj", "{A4E8585C-C607-4553-B1AA-C6336DFC990B}"
EndProject
Project("{8BC9CEB8-8B4A-11D0-8D11-00A0C91BC942}") = "NMinusMinusMinus", "NMinusMinusMinus\NMinusMinusMinus.vcxproj", "{4999A0AF-B5C7-4EEB-BD10-A40E042F8921}"
EndProject
Project("{8BC9CEB8-8B4A-11D0-8D11-00A0C91BC942}") = "stack", "stack\stack.vcxproj", "{27466112-93BD-4489-B2AB-697E6383A5D7}"
EndProject
Project("{8BC9CEB8-8B4A-11D0-8D11-00A0C91BC942}") = "stack3", "stack3\stack3.vcxproj", "{AB5B556A-1975-4C92-BE30-DFD8B3B69393}"
EndProject
Project("{8BC9CEB8-8B4A-11D0-8D11-00A0C91BC942}") = "LinkList", "LinkList\LinkList.vcxproj", "{41AE3C1C-5E2C-4421-875B-E0B1C1BE38F6}"
EndProject
Global
	GlobalSection(SolutionConfigurationPlatforms) = preSolution
		Debug|x64 = Debug|x64
		Debug|x86 = Debug|x86
		Release|x64 = Release|x64
		Release|x86 = Release|x86
	EndGlobalSection
	GlobalSection(ProjectConfigurationPlatforms) = postSolution
		{7836D49F-1E88-44CC-9565-A92A41C69511}.Debug|x64.ActiveCfg = Debug|x64
		{7836D49F-1E88-44CC-9565-A92A41C69511}.Debug|x64.Build.0 = Debug|x64
		{7836D49F-1E88-44CC-9565-A92A41C69511}.Debug|x86.ActiveCfg = Debug|Win32
		{7836D49F-1E88-44CC-9565-A92A41C69511}.Debug|x86.Build.0 = Debug|Win32
		{7836D49F-1E88-44CC-9565-A92A41C69511}.Release|x64.ActiveCfg = Release|x64
		{7836D49F-1E88-44CC-9565-A92A41C69511}.Release|x64.Build.0 = Release|x64
		{7836D49F-1E88-44CC-9565-A92A41C69511}.Release|x86.ActiveCfg = Release|Win32
		{7836D49F-1E88-44CC-9565-A92A41C69511}.Release|x86.Build.0 = Release|Win32
		{C956096E-78A1-4E37-B867-5076ACB8E6EC}.Debug|x64.ActiveCfg = Debug|x64
		{C956096E-78A1-4E37-B867-5076ACB8E6EC}.Debug|x64.Build.0 = Debug|x64
		{C956096E-78A1-4E37-B867-5076ACB8E6EC}.Debug|x86.ActiveCfg = Debug|Win32
		{C956096E-78A1-4E37-B867-5076ACB8E6EC}.Debug|x86.Build.0 = Debug|Win32
		{C956096E-78A1-4E37-B867-5076ACB8E6EC}.Release|x64.ActiveCfg = Release|x64
		{C956096E-78A1-4E37-B867-5076ACB8E6EC}.Release|x64.Build.0 = Release|x64
		{C956096E-78A1-4E37-B867-5076ACB8E6EC}.Release|x86.ActiveCfg = Release|Win32
		{C956096E-78A1-4E37-B867-5076ACB8E6EC}.Release|x86.Build.0 = Release|Win32
		{14D5A1F3-844E-4676-8E10-E4E64C7510EE}.Debug|x64.ActiveCfg = Debug|x64
		{14D5A1F3-844E-4676-8E10-E4E64C7510EE}.Debug|x64.Build.0 = Debug|x64
		{14D5A1F3-844E-4676-8E10-E4E64C7510EE}.Debug|x86.ActiveCfg = Debug|Win32
		{14D5A1F3-844E-4676-8E10-E4E64C7510EE}.Debug|x86.Build.0 = Debug|Win32
		{14D5A1F3-844E-4676-8E10-E4E64C7510EE}.Release|x64.ActiveCfg = Release|x64
		{14D5A1F3-844E-4676-8E10-E4E64C7510EE}.Release|x64.Build.0 = Release|x64
		{14D5A1F3-844E-4676-8E10-E4E64C7510EE}.Release|x86.ActiveCfg = Release|Win32
		{14D5A1F3-844E-4676-8E10-E4E64C7510EE}.Release|x86.Build.0 = Release|Win32
		{75CA765B-D551-49AC-B62C-6678FDB88B3B}.Debug|x64.ActiveCfg = Debug|x64
		{75CA765B-D551-49AC-B62C-6678FDB88B3B}.Debug|x64.Build.0 = Debug|x64
		{75CA765B-D551-49AC-B62C-6678FDB88B3B}.Debug|x86.ActiveCfg = Debug|Win32
		{75CA765B-D551-49AC-B62C-6678FDB88B3B}.Debug|x86.Build.0 = Debug|Win32
		{75CA765B-D551-49AC-B62C-6678FDB88B3B}.Release|x64.ActiveCfg = Release|x64
		{75CA765B-D551-49AC-B62C-6678FDB88B3B}.Release|x64.Build.0 = Release|x64
		{75CA765B-D551-49AC-B62C-6678FDB88B3B}.Release|x86.ActiveCfg = Release|Win32
		{75CA765B-D551-49AC-B62C-6678FDB88B3B}.Release|x86.Build.0 = Release|Win32
		{A4E8585C-C607-4553-B1AA-C6336DFC990B}.Debug|x64.ActiveCfg = Debug|x64
		{A4E8585C-C607-4553-B1AA-C6336DFC990B}.Debug|x64.Build.0 = Debug|x64
		{A4E8585C-C607-4553-B1AA-C6336DFC990B}.Debug|x86.ActiveCfg = Debug|Win32
		{A4E8585C-C607-4553-B1AA-C6336DFC990B}.Debug|x86.Build.0 = Debug|Win32
		{A4E8585C-C607-4553-B1AA-C6336DFC990B}.Release|x64.ActiveCfg = Release|x64
		{A4E8585C-C607-4553-B1AA-C6336DFC990B}.Release|x64.Build.0 = Release|x64
		{A4E8585C-C607-4553-B1AA-C6336DFC990B}.Release|x86.ActiveCfg = Release|Win32
		{A4E8585C-C607-4553-B1AA-C6336DFC990B}.Release|x86.Build.0 = Release|Win32
		{4999A0AF-B5C7-4EEB-BD10-A40E042F8921}.Debug|x64.ActiveCfg = Debug|x64
		{4999A0AF-B5C7-4EEB-BD10-A40E042F8921}.Debug|x64.Build.0 = Debug|x64
		{4999A0AF-B5C7-4EEB-BD10-A40E042F8921}.Debug|x86.ActiveCfg = Debug|Win32
		{4999A0AF-B5C7-4EEB-BD10-A40E042F8921}.Debug|x86.Build.0 = Debug|Win32
		{4999A0AF-B5C7-4EEB-BD10-A40E042F8921}.Release|x64.ActiveCfg = Release|x64
		{4999A0AF-B5C7-4EEB-BD10-A40E042F8921}.Release|x64.Build.0 = Release|x64
		{4999A0AF-B5C7-4EEB-BD10-A40E042F8921}.Release|x86.ActiveCfg = Release|Win32
		{4999A0AF-B5C7-4EEB-BD10-A40E042F8921}.Release|x86.Build.0 = Release|Win32
		{27466112-93BD-4489-B2AB-697E6383A5D7}.Debug|x64.ActiveCfg = Debug|x64
		{27466112-93BD-4489-B2AB-697E6383A5D7}.Debug|x64.Build.0 = Debug|x64
		{27466112-93BD-4489-B2AB-697E6383A5D7}.Debug|x86.ActiveCfg = Debug|Win32
		{27466112-93BD-4489-B2AB-697E6383A5D7}.Debug|x86.Build.0 = Debug|Win32
		{27466112-93BD-4489-B2AB-697E6383A5D7}.Release|x64.ActiveCfg = Release|x64
		{27466112-93BD-4489-B2AB-697E6383A5D7}.Release|x64.Build.0 = Release|x64
		{27466112-93BD-4489-B2AB-697E6383A5D7}.Release|x86.ActiveCfg = Release|Win32
		{27466112-93BD-4489-B2AB-697E6383A5D7}.Release|x86.Build.0 = Release|Win32
		{AB5B556A-1975-4C92-BE30-DFD8B3B69393}.Debug|x64.ActiveCfg = Debug|x64
		{AB5B556A-1975-4C92-BE30-DFD8B3B69393}.Debug|x64.Build.0 = Debug|x64
		{AB5B556A-1975-4C92-BE30-DFD8B3B69393}.Debug|x86.ActiveCfg = Debug|Win32
		{AB5B556A-1975-4C92-BE30-DFD8B3B69393}.Debug|x86.Build.0 = Debug|Win32
		{AB5B556A-1975-4C92-BE30-DFD8B3B69393}.Release|x64.ActiveCfg = Release|x64
		{AB5B556A-1975-4C92-BE30-DFD8B3B69393}.Release|x64.Build.0 = Release|x64
		{AB5B556A-1975-4C92-BE30-DFD8B3B69393}.Release|x86.ActiveCfg = Release|Win32
		{AB5B556A-1975-4C92-BE30-DFD8B3B69393}.Release|x86.Build.0 = Release|Win32
		{41AE3C1C-5E2C-4421-875B-E0B1C1BE38F6}.Debug|x64.ActiveCfg = Debug|x64
		{41AE3C1C-5E2C-4421-875B-E0B1C1BE38F6}.Debug|x64.Build.0 = Debug|x64
		{41AE3C1C-5E2C-4421-875B-E0B1C1BE38F6}.Debug|x86.ActiveCfg = Debug|Win32
		{41AE3C1C-5E2C-4421-875B-E0B1C1BE38F6}.Debug|x86.Build.0 = Debug|Win32
		{41AE3C1C-5E2C-4421-875B-E0B1C1BE38F6}.Release|x64.ActiveCfg = Release|x64
		{41AE3C1C-5E2C-4421-875B-E0B1C1BE38F6}.Release|x64.Build.0 = Release|x64
		{41AE3C1C-5E2C-4421-875B-E0B1C1BE38F6}.Release|x86.ActiveCfg = Release|Win32
		{41AE3C1C-5E2C-4421-875B-E0B1C1BE38F6}.Release|x86.Build.0 = Release|Win32
	EndGlobalSection
	GlobalSection(SolutionProperties) = preSolution
		HideSolutionNode = FALSE
	EndGlobalSection
	GlobalSection(ExtensibilityGlobals) = postSolution
		SolutionGuid = {C62741D8-EF3D-4214-AEBD-815C4106DA44}
	EndGlobalSection
EndGlobal
