
Microsoft Visual Studio Solution File, Format Version 12.00
# Visual Studio Version 16
VisualStudioVersion = 16.0.31424.327
MinimumVisualStudioVersion = 10.0.40219.1
Project("{9A19103F-16F7-4668-BE54-9A1E7A4F7556}") = "DatastructureAndCsharp", "DatastructureAndCsharp\DatastructureAndCsharp.csproj", "{A4C2BB46-F658-4083-AB58-BA8FC4BB346F}"
EndProject
Project("{FAE04EC0-301F-11D3-BF4B-00C04F79EFBC}") = "730Algo", "730Algo\730Algo.csproj", "{F35988D6-86CB-4740-91DD-D0B28299EC57}"
EndProject
Project("{9A19103F-16F7-4668-BE54-9A1E7A4F7556}") = "803Algo", "803Algo\803Algo.csproj", "{3F86F70F-1040-4EBE-90D9-1489DA21868E}"
EndProject
Project("{9A19103F-16F7-4668-BE54-9A1E7A4F7556}") = "805Algo", "805Algo\805Algo.csproj", "{E9D47C56-7451-48D7-8484-D3355E13BB64}"
EndProject
Project("{9A19103F-16F7-4668-BE54-9A1E7A4F7556}") = "809Algo", "809Algo\809Algo.csproj", "{669E55DD-C387-4550-8EEA-6892A8D8BDEB}"
EndProject
Project("{FAE04EC0-301F-11D3-BF4B-00C04F79EFBC}") = "812Algo", "812Algo\812Algo.csproj", "{96DDFE46-D27F-4341-B20D-8C2191A87EA3}"
EndProject
Global
	GlobalSection(SolutionConfigurationPlatforms) = preSolution
		Debug|Any CPU = Debug|Any CPU
		Release|Any CPU = Release|Any CPU
	EndGlobalSection
	GlobalSection(ProjectConfigurationPlatforms) = postSolution
		{A4C2BB46-F658-4083-AB58-BA8FC4BB346F}.Debug|Any CPU.ActiveCfg = Debug|Any CPU
		{A4C2BB46-F658-4083-AB58-BA8FC4BB346F}.Debug|Any CPU.Build.0 = Debug|Any CPU
		{A4C2BB46-F658-4083-AB58-BA8FC4BB346F}.Release|Any CPU.ActiveCfg = Release|Any CPU
		{A4C2BB46-F658-4083-AB58-BA8FC4BB346F}.Release|Any CPU.Build.0 = Release|Any CPU
		{F35988D6-86CB-4740-91DD-D0B28299EC57}.Debug|Any CPU.ActiveCfg = Debug|Any CPU
		{F35988D6-86CB-4740-91DD-D0B28299EC57}.Debug|Any CPU.Build.0 = Debug|Any CPU
		{F35988D6-86CB-4740-91DD-D0B28299EC57}.Release|Any CPU.ActiveCfg = Release|Any CPU
		{F35988D6-86CB-4740-91DD-D0B28299EC57}.Release|Any CPU.Build.0 = Release|Any CPU
		{3F86F70F-1040-4EBE-90D9-1489DA21868E}.Debug|Any CPU.ActiveCfg = Debug|Any CPU
		{3F86F70F-1040-4EBE-90D9-1489DA21868E}.Debug|Any CPU.Build.0 = Debug|Any CPU
		{3F86F70F-1040-4EBE-90D9-1489DA21868E}.Release|Any CPU.ActiveCfg = Release|Any CPU
		{3F86F70F-1040-4EBE-90D9-1489DA21868E}.Release|Any CPU.Build.0 = Release|Any CPU
		{E9D47C56-7451-48D7-8484-D3355E13BB64}.Debug|Any CPU.ActiveCfg = Debug|Any CPU
		{E9D47C56-7451-48D7-8484-D3355E13BB64}.Debug|Any CPU.Build.0 = Debug|Any CPU
		{E9D47C56-7451-48D7-8484-D3355E13BB64}.Release|Any CPU.ActiveCfg = Release|Any CPU
		{E9D47C56-7451-48D7-8484-D3355E13BB64}.Release|Any CPU.Build.0 = Release|Any CPU
		{669E55DD-C387-4550-8EEA-6892A8D8BDEB}.Debug|Any CPU.ActiveCfg = Debug|Any CPU
		{669E55DD-C387-4550-8EEA-6892A8D8BDEB}.Debug|Any CPU.Build.0 = Debug|Any CPU
		{669E55DD-C387-4550-8EEA-6892A8D8BDEB}.Release|Any CPU.ActiveCfg = Release|Any CPU
		{669E55DD-C387-4550-8EEA-6892A8D8BDEB}.Release|Any CPU.Build.0 = Release|Any CPU
		{96DDFE46-D27F-4341-B20D-8C2191A87EA3}.Debug|Any CPU.ActiveCfg = Debug|Any CPU
		{96DDFE46-D27F-4341-B20D-8C2191A87EA3}.Debug|Any CPU.Build.0 = Debug|Any CPU
		{96DDFE46-D27F-4341-B20D-8C2191A87EA3}.Release|Any CPU.ActiveCfg = Release|Any CPU
		{96DDFE46-D27F-4341-B20D-8C2191A87EA3}.Release|Any CPU.Build.0 = Release|Any CPU
	EndGlobalSection
	GlobalSection(SolutionProperties) = preSolution
		HideSolutionNode = FALSE
	EndGlobalSection
	GlobalSection(ExtensibilityGlobals) = postSolution
		SolutionGuid = {D61FE384-FCD2-4820-801D-DC009FED6EA0}
	EndGlobalSection
EndGlobal
